<?xml version="1.0" encoding="utf-8"?>
<Project ToolsVersion="4.0" xmlns="http://schemas.microsoft.com/developer/msbuild/2003">
  <ItemGroup>
    <ClCompile Include="Source.cpp" />
  </ItemGroup>
  <ItemGroup>
    <ClInclude Include="Administrator.h" />
    <ClInclude Include="AdministratorMenu.h" />
    <ClInclude Include="Customer.h" />
    <ClInclude Include="Parfum.h" />
    <ClInclude Include="Person.h" />
    <ClInclude Include="Shop.h" />
    <ClInclude Include="CustomerMenu.h" />
    <ClInclude Include="ShopAction.h" />
    <ClInclude Include="Functions.h" />
  </ItemGroup>
</Project>